
Microsoft Visual Studio Solution File, Format Version 10.00
# Visual Studio 2008
Project("{FAE04EC0-301F-11D3-BF4B-00C04F79EFBC}") = "GameOfLife_GUI", "GameOfLife_GUI\GameOfLife_GUI.csproj", "{630C36F8-C150-4DDC-ACEC-CB9A3CED3906}"
EndProject
Global
	GlobalSection(SolutionConfigurationPlatforms) = preSolution
		Debug|Any CPU = Debug|Any CPU
		Release|Any CPU = Release|Any CPU
	EndGlobalSection
	GlobalSection(ProjectConfigurationPlatforms) = postSolution
		{630C36F8-C150-4DDC-ACEC-CB9A3CED3906}.Debug|Any CPU.ActiveCfg = Debug|Any CPU
		{630C36F8-C150-4DDC-ACEC-CB9A3CED3906}.Debug|Any CPU.Build.0 = Debug|Any CPU
		{630C36F8-C150-4DDC-ACEC-CB9A3CED3906}.Release|Any CPU.ActiveCfg = Release|Any CPU
		{630C36F8-C150-4DDC-ACEC-CB9A3CED3906}.Release|Any CPU.Build.0 = Release|Any CPU
	EndGlobalSection
	GlobalSection(SolutionProperties) = preSolution
		HideSolutionNode = FALSE
	EndGlobalSection
EndGlobal
